<Solution>
  <Configurations>
    <BuildType Name="Debug" />
    <BuildType Name="GenAPI" />
    <BuildType Name="Release" />
    <Platform Name="Any CPU" />
    <Platform Name="x64" />
    <Platform Name="x86" />
  </Configurations>
  <Folder Name="/Solution Items/">
    <File Path="Directory.Packages.props" />
  </Folder>
  <Project Path="PGSCTF.AppHost/PGSCTF.AppHost.csproj">
    <BuildType Solution="GenAPI|*" Project="Debug" />
  </Project>
  <Project Path="PGSCTF.Integration.Test/PGSCTF.Integration.Test.csproj">
    <BuildType Solution="GenAPI|*" Project="Debug" />
  </Project>
  <Project Path="PGSCTF.Test/PGSCTF.Test.csproj" />
  <Project Path="PGSCTF/PGSCTF.csproj" />
  <Properties Name="MonoDevelopProperties">
    <Property Name="version" Value="1.8.1" />
  </Properties>
</Solution>
